
Microsoft Visual Studio Solution File, Format Version 12.00
# Visual Studio Version 16
VisualStudioVersion = 16.0.35026.282
MinimumVisualStudioVersion = 10.0.40219.1
Project("{E24C65DC-7377-472B-9ABA-BC803B73C61A}") = "Bancassu_Sys(1)", ".", "{DF894335-CA1D-4711-8F82-9053CADDE49A}"
	ProjectSection(WebsiteProperties) = preProject
		TargetFrameworkMoniker = ".NETFramework,Version%3Dv4.6.1"
		Debug.AspNetCompiler.VirtualPath = "/localhost_53781"
		Debug.AspNetCompiler.PhysicalPath = "..\FireRenewal\"
		Debug.AspNetCompiler.TargetPath = "PrecompiledWeb\localhost_53781\"
		Debug.AspNetCompiler.Updateable = "true"
		Debug.AspNetCompiler.ForceOverwrite = "true"
		Debug.AspNetCompiler.FixedNames = "false"
		Debug.AspNetCompiler.Debug = "True"
		Release.AspNetCompiler.VirtualPath = "/localhost_53781"
		Release.AspNetCompiler.PhysicalPath = "..\FireRenewal\"
		Release.AspNetCompiler.TargetPath = "PrecompiledWeb\localhost_53781\"
		Release.AspNetCompiler.Updateable = "true"
		Release.AspNetCompiler.ForceOverwrite = "true"
		Release.AspNetCompiler.FixedNames = "false"
		Release.AspNetCompiler.Debug = "False"
		VWDPort = "53781"
		SlnRelativePath = "..\FireRenewal\"
	EndProjectSection
EndProject
Global
	GlobalSection(SolutionConfigurationPlatforms) = preSolution
		Debug|Any CPU = Debug|Any CPU
	EndGlobalSection
	GlobalSection(ProjectConfigurationPlatforms) = postSolution
		{DF894335-CA1D-4711-8F82-9053CADDE49A}.Debug|Any CPU.ActiveCfg = Debug|Any CPU
		{DF894335-CA1D-4711-8F82-9053CADDE49A}.Debug|Any CPU.Build.0 = Debug|Any CPU
	EndGlobalSection
	GlobalSection(SolutionProperties) = preSolution
		HideSolutionNode = FALSE
	EndGlobalSection
	GlobalSection(ExtensibilityGlobals) = postSolution
		SolutionGuid = {9610AAD1-27C9-42A9-B223-393116FCC0AB}
	EndGlobalSection
EndGlobal
